Microsoft Visual Studio Solution File, Format Version 12.00
# Visual Studio Version 17
VisualStudioVersion = 17.5.2.0
MinimumVisualStudioVersion = 10.0.40219.1
Project("{2150E333-8FDC-42A3-9474-1A3956D46DE8}") = "src", "src", "{827E0CD3-B72D-47B6-A68D-7590B98EB39B}"
EndProject
Project("{FAE04EC0-301F-11D3-BF4B-00C04F79EFBC}") = "Cart.Api", "src\Cart.Api\Cart.Api.csproj", "{D9FFC7C1-4CB5-5F0E-01E2-ACFA090E7C39}"
EndProject
Project("{FAE04EC0-301F-11D3-BF4B-00C04F79EFBC}") = "Catalog.Api", "src\Catalog.Api\Catalog.Api.csproj", "{C14C49E7-3D57-F879-AF95-64AB5B0CCA56}"
EndProject
Project("{FAE04EC0-301F-11D3-BF4B-00C04F79EFBC}") = "Gateway.Api", "src\Gateway.Api\Gateway.Api.csproj", "{ED6B6783-B070-ED0E-3429-1846E07E78C8}"
EndProject
Project("{FAE04EC0-301F-11D3-BF4B-00C04F79EFBC}") = "Order.Api", "src\Order.Api\Order.Api.csproj", "{A674D8B7-6624-7E11-33E2-3E2487E57717}"
EndProject
Project("{FAE04EC0-301F-11D3-BF4B-00C04F79EFBC}") = "Payment.Api", "src\Payment.Api\Payment.Api.csproj", "{22A92A79-946F-67D8-9285-242835B3CCA5}"
EndProject
Project("{FAE04EC0-301F-11D3-BF4B-00C04F79EFBC}") = "Shared.BuildingBlocks", "src\Shared.BuildingBlocks\Shared.BuildingBlocks.csproj", "{BFD88E88-1CD4-BC8C-1371-7BE84E36BFF4}"
EndProject
Project("{FAE04EC0-301F-11D3-BF4B-00C04F79EFBC}") = "Shipping.Api", "src\Shipping.Api\Shipping.Api.csproj", "{DC670D19-ACB5-2178-91E6-693E9E5851DB}"
EndProject
Project("{FAE04EC0-301F-11D3-BF4B-00C04F79EFBC}") = "User.Api", "src\User.Api\User.Api.csproj", "{64924308-8E57-6067-4440-B138D48ED26A}"
EndProject
Project("{FAE04EC0-301F-11D3-BF4B-00C04F79EFBC}") = "Warehouse.Api", "src\Warehouse.Api\Warehouse.Api.csproj", "{5128A495-6793-5C0F-857B-F3D2F910DC4A}"
EndProject
Global
	GlobalSection(SolutionConfigurationPlatforms) = preSolution
		Debug|Any CPU = Debug|Any CPU
		Release|Any CPU = Release|Any CPU
	EndGlobalSection
	GlobalSection(ProjectConfigurationPlatforms) = postSolution
		{D9FFC7C1-4CB5-5F0E-01E2-ACFA090E7C39}.Debug|Any CPU.ActiveCfg = Debug|Any CPU
		{D9FFC7C1-4CB5-5F0E-01E2-ACFA090E7C39}.Debug|Any CPU.Build.0 = Debug|Any CPU
		{D9FFC7C1-4CB5-5F0E-01E2-ACFA090E7C39}.Release|Any CPU.ActiveCfg = Release|Any CPU
		{D9FFC7C1-4CB5-5F0E-01E2-ACFA090E7C39}.Release|Any CPU.Build.0 = Release|Any CPU
		{C14C49E7-3D57-F879-AF95-64AB5B0CCA56}.Debug|Any CPU.ActiveCfg = Debug|Any CPU
		{C14C49E7-3D57-F879-AF95-64AB5B0CCA56}.Debug|Any CPU.Build.0 = Debug|Any CPU
		{C14C49E7-3D57-F879-AF95-64AB5B0CCA56}.Release|Any CPU.ActiveCfg = Release|Any CPU
		{C14C49E7-3D57-F879-AF95-64AB5B0CCA56}.Release|Any CPU.Build.0 = Release|Any CPU
		{ED6B6783-B070-ED0E-3429-1846E07E78C8}.Debug|Any CPU.ActiveCfg = Debug|Any CPU
		{ED6B6783-B070-ED0E-3429-1846E07E78C8}.Debug|Any CPU.Build.0 = Debug|Any CPU
		{ED6B6783-B070-ED0E-3429-1846E07E78C8}.Release|Any CPU.ActiveCfg = Release|Any CPU
		{ED6B6783-B070-ED0E-3429-1846E07E78C8}.Release|Any CPU.Build.0 = Release|Any CPU
		{A674D8B7-6624-7E11-33E2-3E2487E57717}.Debug|Any CPU.ActiveCfg = Debug|Any CPU
		{A674D8B7-6624-7E11-33E2-3E2487E57717}.Debug|Any CPU.Build.0 = Debug|Any CPU
		{A674D8B7-6624-7E11-33E2-3E2487E57717}.Release|Any CPU.ActiveCfg = Release|Any CPU
		{A674D8B7-6624-7E11-33E2-3E2487E57717}.Release|Any CPU.Build.0 = Release|Any CPU
		{22A92A79-946F-67D8-9285-242835B3CCA5}.Debug|Any CPU.ActiveCfg = Debug|Any CPU
		{22A92A79-946F-67D8-9285-242835B3CCA5}.Debug|Any CPU.Build.0 = Debug|Any CPU
		{22A92A79-946F-67D8-9285-242835B3CCA5}.Release|Any CPU.ActiveCfg = Release|Any CPU
		{22A92A79-946F-67D8-9285-242835B3CCA5}.Release|Any CPU.Build.0 = Release|Any CPU
		{BFD88E88-1CD4-BC8C-1371-7BE84E36BFF4}.Debug|Any CPU.ActiveCfg = Debug|Any CPU
		{BFD88E88-1CD4-BC8C-1371-7BE84E36BFF4}.Debug|Any CPU.Build.0 = Debug|Any CPU
		{BFD88E88-1CD4-BC8C-1371-7BE84E36BFF4}.Release|Any CPU.ActiveCfg = Release|Any CPU
		{BFD88E88-1CD4-BC8C-1371-7BE84E36BFF4}.Release|Any CPU.Build.0 = Release|Any CPU
		{DC670D19-ACB5-2178-91E6-693E9E5851DB}.Debug|Any CPU.ActiveCfg = Debug|Any CPU
		{DC670D19-ACB5-2178-91E6-693E9E5851DB}.Debug|Any CPU.Build.0 = Debug|Any CPU
		{DC670D19-ACB5-2178-91E6-693E9E5851DB}.Release|Any CPU.ActiveCfg = Release|Any CPU
		{DC670D19-ACB5-2178-91E6-693E9E5851DB}.Release|Any CPU.Build.0 = Release|Any CPU
		{64924308-8E57-6067-4440-B138D48ED26A}.Debug|Any CPU.ActiveCfg = Debug|Any CPU
		{64924308-8E57-6067-4440-B138D48ED26A}.Debug|Any CPU.Build.0 = Debug|Any CPU
		{64924308-8E57-6067-4440-B138D48ED26A}.Release|Any CPU.ActiveCfg = Release|Any CPU
		{64924308-8E57-6067-4440-B138D48ED26A}.Release|Any CPU.Build.0 = Release|Any CPU
		{5128A495-6793-5C0F-857B-F3D2F910DC4A}.Debug|Any CPU.ActiveCfg = Debug|Any CPU
		{5128A495-6793-5C0F-857B-F3D2F910DC4A}.Debug|Any CPU.Build.0 = Debug|Any CPU
		{5128A495-6793-5C0F-857B-F3D2F910DC4A}.Release|Any CPU.ActiveCfg = Release|Any CPU
		{5128A495-6793-5C0F-857B-F3D2F910DC4A}.Release|Any CPU.Build.0 = Release|Any CPU
	EndGlobalSection
	GlobalSection(SolutionProperties) = preSolution
		HideSolutionNode = FALSE
	EndGlobalSection
	GlobalSection(NestedProjects) = preSolution
		{D9FFC7C1-4CB5-5F0E-01E2-ACFA090E7C39} = {827E0CD3-B72D-47B6-A68D-7590B98EB39B}
		{C14C49E7-3D57-F879-AF95-64AB5B0CCA56} = {827E0CD3-B72D-47B6-A68D-7590B98EB39B}
		{ED6B6783-B070-ED0E-3429-1846E07E78C8} = {827E0CD3-B72D-47B6-A68D-7590B98EB39B}
		{A674D8B7-6624-7E11-33E2-3E2487E57717} = {827E0CD3-B72D-47B6-A68D-7590B98EB39B}
		{22A92A79-946F-67D8-9285-242835B3CCA5} = {827E0CD3-B72D-47B6-A68D-7590B98EB39B}
		{BFD88E88-1CD4-BC8C-1371-7BE84E36BFF4} = {827E0CD3-B72D-47B6-A68D-7590B98EB39B}
		{DC670D19-ACB5-2178-91E6-693E9E5851DB} = {827E0CD3-B72D-47B6-A68D-7590B98EB39B}
		{64924308-8E57-6067-4440-B138D48ED26A} = {827E0CD3-B72D-47B6-A68D-7590B98EB39B}
		{5128A495-6793-5C0F-857B-F3D2F910DC4A} = {827E0CD3-B72D-47B6-A68D-7590B98EB39B}
	EndGlobalSection
	GlobalSection(ExtensibilityGlobals) = postSolution
		SolutionGuid = {E17E35F6-D5AE-49B0-A3BB-0BB819C5776D}
	EndGlobalSection
EndGlobal
