Microsoft Visual Studio Solution File, Format Version 12.00
# Visual Studio Version 17
VisualStudioVersion = 17.5.2.0
MinimumVisualStudioVersion = 10.0.40219.1
Project("{2150E333-8FDC-42A3-9474-1A3956D46DE8}") = "src", "src", "{964762A2-795B-402C-A2B5-676DC750B63D}"
EndProject
Project("{2150E333-8FDC-42A3-9474-1A3956D46DE8}") = "1 - Shared", "1 - Shared", "{AAF07E4F-4A8F-43F2-A08C-63DAF37DAB55}"
EndProject
Project("{2150E333-8FDC-42A3-9474-1A3956D46DE8}") = "3 - Catalog", "3 - Catalog", "{8792B10D-15BC-48B1-81A1-621A952B7D49}"
EndProject
Project("{2150E333-8FDC-42A3-9474-1A3956D46DE8}") = "4 - Cart", "4 - Cart", "{79D38184-6664-41FA-8841-7D71937C8702}"
EndProject
Project("{2150E333-8FDC-42A3-9474-1A3956D46DE8}") = "5 - Order", "5 - Order", "{35387BE3-C4FC-4992-955E-E2B19BEBA67A}"
EndProject
Project("{2150E333-8FDC-42A3-9474-1A3956D46DE8}") = "8 - Warehouse", "8 - Warehouse", "{796094D0-87A1-406E-8E95-00C20AA9F535}"
EndProject
Project("{2150E333-8FDC-42A3-9474-1A3956D46DE8}") = "7 - Shipping", "7 - Shipping", "{051FE57E-9854-4354-B40F-F87BD84724F4}"
EndProject
Project("{2150E333-8FDC-42A3-9474-1A3956D46DE8}") = "6 - Payment", "6 - Payment", "{FD7BC966-3D12-4B15-AD6D-06E0019E72EC}"
EndProject
Project("{2150E333-8FDC-42A3-9474-1A3956D46DE8}") = "2 - Gateway", "2 - Gateway", "{E3EFAF82-5365-4442-A936-F499E5520F60}"
EndProject
Project("{FAE04EC0-301F-11D3-BF4B-00C04F79EFBC}") = "Catalog.Api", "src\Catalog.Api\Catalog.Api.csproj", "{5A27C1EC-CC81-4730-9550-4817DC68BF2E}"
EndProject
Project("{FAE04EC0-301F-11D3-BF4B-00C04F79EFBC}") = "Catalog.Domain", "src\Catalog.Domain\Catalog.Domain.csproj", "{17160C25-91A7-4AC5-BEA3-C740304EB298}"
EndProject
Project("{FAE04EC0-301F-11D3-BF4B-00C04F79EFBC}") = "Catalog.Application", "src\Catalog.Application\Catalog.Application.csproj", "{C897C3A6-7ADD-4E93-BBB9-437F6C3DCA3A}"
EndProject
Project("{FAE04EC0-301F-11D3-BF4B-00C04F79EFBC}") = "Catalog.Infrastructure", "src\Catalog.Infrastructure\Catalog.Infrastructure.csproj", "{DE87C975-839F-46F8-AB00-75BC5A6E4D72}"
EndProject
Project("{FAE04EC0-301F-11D3-BF4B-00C04F79EFBC}") = "Cart.Api", "src\Cart.Api\Cart.Api.csproj", "{BFDF2A41-8CF9-43F5-94AC-DC75E85F9BDA}"
EndProject
Project("{FAE04EC0-301F-11D3-BF4B-00C04F79EFBC}") = "Cart.Domain", "src\Cart.Domain\Cart.Domain.csproj", "{B20AA3A9-680A-4A4A-B34D-708B49E21282}"
EndProject
Project("{FAE04EC0-301F-11D3-BF4B-00C04F79EFBC}") = "Cart.Application", "src\Cart.Application\Cart.Application.csproj", "{565E510D-609C-45DA-8946-118CAF785A47}"
EndProject
Project("{FAE04EC0-301F-11D3-BF4B-00C04F79EFBC}") = "Cart.Infrastructure", "src\Cart.Infrastructure\Cart.Infrastructure.csproj", "{FFAC2053-6B5E-4D14-86DC-F1E9FB4B6467}"
EndProject
Project("{FAE04EC0-301F-11D3-BF4B-00C04F79EFBC}") = "Order.Api", "src\Order.Api\Order.Api.csproj", "{A49564E2-19CA-40D2-8B26-396CB2DCB0F4}"
EndProject
Project("{FAE04EC0-301F-11D3-BF4B-00C04F79EFBC}") = "Order.Domain", "src\Order.Domain\Order.Domain.csproj", "{AEF69F36-1898-42CD-BF23-02B2E0817F0B}"
EndProject
Project("{FAE04EC0-301F-11D3-BF4B-00C04F79EFBC}") = "Order.Application", "src\Order.Application\Order.Application.csproj", "{40CDAB52-ECFE-45BD-BA9C-E9CB66673991}"
EndProject
Project("{FAE04EC0-301F-11D3-BF4B-00C04F79EFBC}") = "Order.Infrastructure", "src\Order.Infrastructure\Order.Infrastructure.csproj", "{03671601-406C-439B-BF41-CF92ABFF5FC7}"
EndProject
Project("{FAE04EC0-301F-11D3-BF4B-00C04F79EFBC}") = "Warehouse.Api", "src\Warehouse.Api\Warehouse.Api.csproj", "{344AFB7A-2B9D-4677-B8EA-5C61C760FBA4}"
EndProject
Project("{FAE04EC0-301F-11D3-BF4B-00C04F79EFBC}") = "Warehouse.Domain", "src\Warehouse.Domain\Warehouse.Domain.csproj", "{76B37A7B-73EE-47B4-ADE5-88AE0BD03389}"
EndProject
Project("{FAE04EC0-301F-11D3-BF4B-00C04F79EFBC}") = "Warehouse.Application", "src\Warehouse.Application\Warehouse.Application.csproj", "{7CF3D491-2298-4305-AA2F-DD953036BF5F}"
EndProject
Project("{FAE04EC0-301F-11D3-BF4B-00C04F79EFBC}") = "Warehouse.Infrastructure", "src\Warehouse.Infrastructure\Warehouse.Infrastructure.csproj", "{6ED08D71-5F48-4B36-8C6A-90E61C7F47AB}"
EndProject
Project("{FAE04EC0-301F-11D3-BF4B-00C04F79EFBC}") = "Shipping.Api", "src\Shipping.Api\Shipping.Api.csproj", "{4A709D61-FDF2-4134-A16E-54F635D8F4FC}"
EndProject
Project("{FAE04EC0-301F-11D3-BF4B-00C04F79EFBC}") = "Shipping.Domain", "src\Shipping.Domain\Shipping.Domain.csproj", "{2A41F172-8021-4497-8D1A-1CABB2011F6C}"
EndProject
Project("{FAE04EC0-301F-11D3-BF4B-00C04F79EFBC}") = "Shipping.Application", "src\Shipping.Application\Shipping.Application.csproj", "{617C95A0-6C74-4C52-AF2F-C9FFF699EBD9}"
EndProject
Project("{FAE04EC0-301F-11D3-BF4B-00C04F79EFBC}") = "Shipping.Infrastructure", "src\Shipping.Infrastructure\Shipping.Infrastructure.csproj", "{FB4D011D-54D5-4557-9589-6B8A99D53A39}"
EndProject
Project("{FAE04EC0-301F-11D3-BF4B-00C04F79EFBC}") = "Payment.Api", "src\Payment.Api\Payment.Api.csproj", "{85721E98-E3B7-434E-B284-B257FA6A1EBA}"
EndProject
Project("{FAE04EC0-301F-11D3-BF4B-00C04F79EFBC}") = "Payment.Domain", "src\Payment.Domain\Payment.Domain.csproj", "{C46C7B25-439F-406E-BB1C-4FDB2864913B}"
EndProject
Project("{FAE04EC0-301F-11D3-BF4B-00C04F79EFBC}") = "Payment.Application", "src\Payment.Application\Payment.Application.csproj", "{D8412C43-22BD-47D3-8C5E-E699E15F291C}"
EndProject
Project("{FAE04EC0-301F-11D3-BF4B-00C04F79EFBC}") = "Payment.Infrastructure", "src\Payment.Infrastructure\Payment.Infrastructure.csproj", "{055CFC29-4AD7-40F8-8498-7B6B6D280E25}"
EndProject
Project("{FAE04EC0-301F-11D3-BF4B-00C04F79EFBC}") = "Gateway.Api", "src\Gateway.Api\Gateway.Api.csproj", "{0C3BD46A-4588-407E-A463-266EFF79B82A}"
EndProject
Project("{FAE04EC0-301F-11D3-BF4B-00C04F79EFBC}") = "Shared.BuildingBlocks", "src\Shared.BuildingBlocks\Shared.BuildingBlocks.csproj", "{F4C9132E-985A-445A-9E2B-776372F58BC8}"
EndProject
Global
				GlobalSection(SolutionConfigurationPlatforms) = preSolution
								Debug|Any CPU = Debug|Any CPU
								Release|Any CPU = Release|Any CPU
				EndGlobalSection
				GlobalSection(ProjectConfigurationPlatforms) = postSolution
								{5A27C1EC-CC81-4730-9550-4817DC68BF2E}.Debug|Any CPU.ActiveCfg = Debug|Any CPU
								{5A27C1EC-CC81-4730-9550-4817DC68BF2E}.Debug|Any CPU.Build.0 = Debug|Any CPU
								{5A27C1EC-CC81-4730-9550-4817DC68BF2E}.Release|Any CPU.ActiveCfg = Release|Any CPU
								{5A27C1EC-CC81-4730-9550-4817DC68BF2E}.Release|Any CPU.Build.0 = Release|Any CPU
								{17160C25-91A7-4AC5-BEA3-C740304EB298}.Debug|Any CPU.ActiveCfg = Debug|Any CPU
								{17160C25-91A7-4AC5-BEA3-C740304EB298}.Debug|Any CPU.Build.0 = Debug|Any CPU
								{17160C25-91A7-4AC5-BEA3-C740304EB298}.Release|Any CPU.ActiveCfg = Release|Any CPU
								{17160C25-91A7-4AC5-BEA3-C740304EB298}.Release|Any CPU.Build.0 = Release|Any CPU
								{C897C3A6-7ADD-4E93-BBB9-437F6C3DCA3A}.Debug|Any CPU.ActiveCfg = Debug|Any CPU
								{C897C3A6-7ADD-4E93-BBB9-437F6C3DCA3A}.Debug|Any CPU.Build.0 = Debug|Any CPU
								{C897C3A6-7ADD-4E93-BBB9-437F6C3DCA3A}.Release|Any CPU.ActiveCfg = Release|Any CPU
								{C897C3A6-7ADD-4E93-BBB9-437F6C3DCA3A}.Release|Any CPU.Build.0 = Release|Any CPU
								{DE87C975-839F-46F8-AB00-75BC5A6E4D72}.Debug|Any CPU.ActiveCfg = Debug|Any CPU
								{DE87C975-839F-46F8-AB00-75BC5A6E4D72}.Debug|Any CPU.Build.0 = Debug|Any CPU
								{DE87C975-839F-46F8-AB00-75BC5A6E4D72}.Release|Any CPU.ActiveCfg = Release|Any CPU
								{DE87C975-839F-46F8-AB00-75BC5A6E4D72}.Release|Any CPU.Build.0 = Release|Any CPU
								{BFDF2A41-8CF9-43F5-94AC-DC75E85F9BDA}.Debug|Any CPU.ActiveCfg = Debug|Any CPU
								{BFDF2A41-8CF9-43F5-94AC-DC75E85F9BDA}.Debug|Any CPU.Build.0 = Debug|Any CPU
								{BFDF2A41-8CF9-43F5-94AC-DC75E85F9BDA}.Release|Any CPU.ActiveCfg = Release|Any CPU
								{BFDF2A41-8CF9-43F5-94AC-DC75E85F9BDA}.Release|Any CPU.Build.0 = Release|Any CPU
								{B20AA3A9-680A-4A4A-B34D-708B49E21282}.Debug|Any CPU.ActiveCfg = Debug|Any CPU
								{B20AA3A9-680A-4A4A-B34D-708B49E21282}.Debug|Any CPU.Build.0 = Debug|Any CPU
								{B20AA3A9-680A-4A4A-B34D-708B49E21282}.Release|Any CPU.ActiveCfg = Release|Any CPU
								{B20AA3A9-680A-4A4A-B34D-708B49E21282}.Release|Any CPU.Build.0 = Release|Any CPU
								{565E510D-609C-45DA-8946-118CAF785A47}.Debug|Any CPU.ActiveCfg = Debug|Any CPU
								{565E510D-609C-45DA-8946-118CAF785A47}.Debug|Any CPU.Build.0 = Debug|Any CPU
								{565E510D-609C-45DA-8946-118CAF785A47}.Release|Any CPU.ActiveCfg = Release|Any CPU
								{565E510D-609C-45DA-8946-118CAF785A47}.Release|Any CPU.Build.0 = Release|Any CPU
								{FFAC2053-6B5E-4D14-86DC-F1E9FB4B6467}.Debug|Any CPU.ActiveCfg = Debug|Any CPU
								{FFAC2053-6B5E-4D14-86DC-F1E9FB4B6467}.Debug|Any CPU.Build.0 = Debug|Any CPU
								{FFAC2053-6B5E-4D14-86DC-F1E9FB4B6467}.Release|Any CPU.ActiveCfg = Release|Any CPU
								{FFAC2053-6B5E-4D14-86DC-F1E9FB4B6467}.Release|Any CPU.Build.0 = Release|Any CPU
								{A49564E2-19CA-40D2-8B26-396CB2DCB0F4}.Debug|Any CPU.ActiveCfg = Debug|Any CPU
								{A49564E2-19CA-40D2-8B26-396CB2DCB0F4}.Debug|Any CPU.Build.0 = Debug|Any CPU
								{A49564E2-19CA-40D2-8B26-396CB2DCB0F4}.Release|Any CPU.ActiveCfg = Release|Any CPU
								{A49564E2-19CA-40D2-8B26-396CB2DCB0F4}.Release|Any CPU.Build.0 = Release|Any CPU
								{AEF69F36-1898-42CD-BF23-02B2E0817F0B}.Debug|Any CPU.ActiveCfg = Debug|Any CPU
								{AEF69F36-1898-42CD-BF23-02B2E0817F0B}.Debug|Any CPU.Build.0 = Debug|Any CPU
								{AEF69F36-1898-42CD-BF23-02B2E0817F0B}.Release|Any CPU.ActiveCfg = Release|Any CPU
								{AEF69F36-1898-42CD-BF23-02B2E0817F0B}.Release|Any CPU.Build.0 = Release|Any CPU
								{40CDAB52-ECFE-45BD-BA9C-E9CB66673991}.Debug|Any CPU.ActiveCfg = Debug|Any CPU
								{40CDAB52-ECFE-45BD-BA9C-E9CB66673991}.Debug|Any CPU.Build.0 = Debug|Any CPU
								{40CDAB52-ECFE-45BD-BA9C-E9CB66673991}.Release|Any CPU.ActiveCfg = Release|Any CPU
								{40CDAB52-ECFE-45BD-BA9C-E9CB66673991}.Release|Any CPU.Build.0 = Release|Any CPU
								{03671601-406C-439B-BF41-CF92ABFF5FC7}.Debug|Any CPU.ActiveCfg = Debug|Any CPU
								{03671601-406C-439B-BF41-CF92ABFF5FC7}.Debug|Any CPU.Build.0 = Debug|Any CPU
								{03671601-406C-439B-BF41-CF92ABFF5FC7}.Release|Any CPU.ActiveCfg = Release|Any CPU
								{03671601-406C-439B-BF41-CF92ABFF5FC7}.Release|Any CPU.Build.0 = Release|Any CPU
								{344AFB7A-2B9D-4677-B8EA-5C61C760FBA4}.Debug|Any CPU.ActiveCfg = Debug|Any CPU
								{344AFB7A-2B9D-4677-B8EA-5C61C760FBA4}.Debug|Any CPU.Build.0 = Debug|Any CPU
								{344AFB7A-2B9D-4677-B8EA-5C61C760FBA4}.Release|Any CPU.ActiveCfg = Release|Any CPU
								{344AFB7A-2B9D-4677-B8EA-5C61C760FBA4}.Release|Any CPU.Build.0 = Release|Any CPU
								{76B37A7B-73EE-47B4-ADE5-88AE0BD03389}.Debug|Any CPU.ActiveCfg = Debug|Any CPU
								{76B37A7B-73EE-47B4-ADE5-88AE0BD03389}.Debug|Any CPU.Build.0 = Debug|Any CPU
								{76B37A7B-73EE-47B4-ADE5-88AE0BD03389}.Release|Any CPU.ActiveCfg = Release|Any CPU
								{76B37A7B-73EE-47B4-ADE5-88AE0BD03389}.Release|Any CPU.Build.0 = Release|Any CPU
								{7CF3D491-2298-4305-AA2F-DD953036BF5F}.Debug|Any CPU.ActiveCfg = Debug|Any CPU
								{7CF3D491-2298-4305-AA2F-DD953036BF5F}.Debug|Any CPU.Build.0 = Debug|Any CPU
								{7CF3D491-2298-4305-AA2F-DD953036BF5F}.Release|Any CPU.ActiveCfg = Release|Any CPU
								{7CF3D491-2298-4305-AA2F-DD953036BF5F}.Release|Any CPU.Build.0 = Release|Any CPU
								{6ED08D71-5F48-4B36-8C6A-90E61C7F47AB}.Debug|Any CPU.ActiveCfg = Debug|Any CPU
								{6ED08D71-5F48-4B36-8C6A-90E61C7F47AB}.Debug|Any CPU.Build.0 = Debug|Any CPU
								{6ED08D71-5F48-4B36-8C6A-90E61C7F47AB}.Release|Any CPU.ActiveCfg = Release|Any CPU
								{6ED08D71-5F48-4B36-8C6A-90E61C7F47AB}.Release|Any CPU.Build.0 = Release|Any CPU
								{4A709D61-FDF2-4134-A16E-54F635D8F4FC}.Debug|Any CPU.ActiveCfg = Debug|Any CPU
								{4A709D61-FDF2-4134-A16E-54F635D8F4FC}.Debug|Any CPU.Build.0 = Debug|Any CPU
								{4A709D61-FDF2-4134-A16E-54F635D8F4FC}.Release|Any CPU.ActiveCfg = Release|Any CPU
								{4A709D61-FDF2-4134-A16E-54F635D8F4FC}.Release|Any CPU.Build.0 = Release|Any CPU
								{2A41F172-8021-4497-8D1A-1CABB2011F6C}.Debug|Any CPU.ActiveCfg = Debug|Any CPU
								{2A41F172-8021-4497-8D1A-1CABB2011F6C}.Debug|Any CPU.Build.0 = Debug|Any CPU
								{2A41F172-8021-4497-8D1A-1CABB2011F6C}.Release|Any CPU.ActiveCfg = Release|Any CPU
								{2A41F172-8021-4497-8D1A-1CABB2011F6C}.Release|Any CPU.Build.0 = Release|Any CPU
								{617C95A0-6C74-4C52-AF2F-C9FFF699EBD9}.Debug|Any CPU.ActiveCfg = Debug|Any CPU
								{617C95A0-6C74-4C52-AF2F-C9FFF699EBD9}.Debug|Any CPU.Build.0 = Debug|Any CPU
								{617C95A0-6C74-4C52-AF2F-C9FFF699EBD9}.Release|Any CPU.ActiveCfg = Release|Any CPU
								{617C95A0-6C74-4C52-AF2F-C9FFF699EBD9}.Release|Any CPU.Build.0 = Release|Any CPU
								{FB4D011D-54D5-4557-9589-6B8A99D53A39}.Debug|Any CPU.ActiveCfg = Debug|Any CPU
								{FB4D011D-54D5-4557-9589-6B8A99D53A39}.Debug|Any CPU.Build.0 = Debug|Any CPU
								{FB4D011D-54D5-4557-9589-6B8A99D53A39}.Release|Any CPU.ActiveCfg = Release|Any CPU
								{FB4D011D-54D5-4557-9589-6B8A99D53A39}.Release|Any CPU.Build.0 = Release|Any CPU
								{85721E98-E3B7-434E-B284-B257FA6A1EBA}.Debug|Any CPU.ActiveCfg = Debug|Any CPU
								{85721E98-E3B7-434E-B284-B257FA6A1EBA}.Debug|Any CPU.Build.0 = Debug|Any CPU
								{85721E98-E3B7-434E-B284-B257FA6A1EBA}.Release|Any CPU.ActiveCfg = Release|Any CPU
								{85721E98-E3B7-434E-B284-B257FA6A1EBA}.Release|Any CPU.Build.0 = Release|Any CPU
								{C46C7B25-439F-406E-BB1C-4FDB2864913B}.Debug|Any CPU.ActiveCfg = Debug|Any CPU
								{C46C7B25-439F-406E-BB1C-4FDB2864913B}.Debug|Any CPU.Build.0 = Debug|Any CPU
								{C46C7B25-439F-406E-BB1C-4FDB2864913B}.Release|Any CPU.ActiveCfg = Release|Any CPU
								{C46C7B25-439F-406E-BB1C-4FDB2864913B}.Release|Any CPU.Build.0 = Release|Any CPU
								{D8412C43-22BD-47D3-8C5E-E699E15F291C}.Debug|Any CPU.ActiveCfg = Debug|Any CPU
								{D8412C43-22BD-47D3-8C5E-E699E15F291C}.Debug|Any CPU.Build.0 = Debug|Any CPU
								{D8412C43-22BD-47D3-8C5E-E699E15F291C}.Release|Any CPU.ActiveCfg = Release|Any CPU
								{D8412C43-22BD-47D3-8C5E-E699E15F291C}.Release|Any CPU.Build.0 = Release|Any CPU
								{055CFC29-4AD7-40F8-8498-7B6B6D280E25}.Debug|Any CPU.ActiveCfg = Debug|Any CPU
								{055CFC29-4AD7-40F8-8498-7B6B6D280E25}.Debug|Any CPU.Build.0 = Debug|Any CPU
								{055CFC29-4AD7-40F8-8498-7B6B6D280E25}.Release|Any CPU.ActiveCfg = Release|Any CPU
								{055CFC29-4AD7-40F8-8498-7B6B6D280E25}.Release|Any CPU.Build.0 = Release|Any CPU
								{0C3BD46A-4588-407E-A463-266EFF79B82A}.Debug|Any CPU.ActiveCfg = Debug|Any CPU
								{0C3BD46A-4588-407E-A463-266EFF79B82A}.Debug|Any CPU.Build.0 = Debug|Any CPU
								{0C3BD46A-4588-407E-A463-266EFF79B82A}.Release|Any CPU.ActiveCfg = Release|Any CPU
								{0C3BD46A-4588-407E-A463-266EFF79B82A}.Release|Any CPU.Build.0 = Release|Any CPU
								{F4C9132E-985A-445A-9E2B-776372F58BC8}.Debug|Any CPU.ActiveCfg = Debug|Any CPU
								{F4C9132E-985A-445A-9E2B-776372F58BC8}.Debug|Any CPU.Build.0 = Debug|Any CPU
								{F4C9132E-985A-445A-9E2B-776372F58BC8}.Release|Any CPU.ActiveCfg = Release|Any CPU
								{F4C9132E-985A-445A-9E2B-776372F58BC8}.Release|Any CPU.Build.0 = Release|Any CPU
				EndGlobalSection
				GlobalSection(SolutionProperties) = preSolution
								HideSolutionNode = FALSE
				EndGlobalSection
				GlobalSection(NestedProjects) = preSolution
								{8792B10D-15BC-48B1-81A1-621A952B7D49} = {964762A2-795B-402C-A2B5-676DC750B63D}
								{79D38184-6664-41FA-8841-7D71937C8702} = {964762A2-795B-402C-A2B5-676DC750B63D}
								{35387BE3-C4FC-4992-955E-E2B19BEBA67A} = {964762A2-795B-402C-A2B5-676DC750B63D}
								{796094D0-87A1-406E-8E95-00C20AA9F535} = {964762A2-795B-402C-A2B5-676DC750B63D}
								{051FE57E-9854-4354-B40F-F87BD84724F4} = {964762A2-795B-402C-A2B5-676DC750B63D}
								{FD7BC966-3D12-4B15-AD6D-06E0019E72EC} = {964762A2-795B-402C-A2B5-676DC750B63D}
								{E3EFAF82-5365-4442-A936-F499E5520F60} = {964762A2-795B-402C-A2B5-676DC750B63D}
								{AAF07E4F-4A8F-43F2-A08C-63DAF37DAB55} = {964762A2-795B-402C-A2B5-676DC750B63D}
								{5A27C1EC-CC81-4730-9550-4817DC68BF2E} = {8792B10D-15BC-48B1-81A1-621A952B7D49}
								{17160C25-91A7-4AC5-BEA3-C740304EB298} = {8792B10D-15BC-48B1-81A1-621A952B7D49}
								{C897C3A6-7ADD-4E93-BBB9-437F6C3DCA3A} = {8792B10D-15BC-48B1-81A1-621A952B7D49}
								{DE87C975-839F-46F8-AB00-75BC5A6E4D72} = {8792B10D-15BC-48B1-81A1-621A952B7D49}
								{BFDF2A41-8CF9-43F5-94AC-DC75E85F9BDA} = {79D38184-6664-41FA-8841-7D71937C8702}
								{B20AA3A9-680A-4A4A-B34D-708B49E21282} = {79D38184-6664-41FA-8841-7D71937C8702}
								{565E510D-609C-45DA-8946-118CAF785A47} = {79D38184-6664-41FA-8841-7D71937C8702}
								{FFAC2053-6B5E-4D14-86DC-F1E9FB4B6467} = {79D38184-6664-41FA-8841-7D71937C8702}
								{A49564E2-19CA-40D2-8B26-396CB2DCB0F4} = {35387BE3-C4FC-4992-955E-E2B19BEBA67A}
								{AEF69F36-1898-42CD-BF23-02B2E0817F0B} = {35387BE3-C4FC-4992-955E-E2B19BEBA67A}
								{40CDAB52-ECFE-45BD-BA9C-E9CB66673991} = {35387BE3-C4FC-4992-955E-E2B19BEBA67A}
								{03671601-406C-439B-BF41-CF92ABFF5FC7} = {35387BE3-C4FC-4992-955E-E2B19BEBA67A}
								{344AFB7A-2B9D-4677-B8EA-5C61C760FBA4} = {796094D0-87A1-406E-8E95-00C20AA9F535}
								{76B37A7B-73EE-47B4-ADE5-88AE0BD03389} = {796094D0-87A1-406E-8E95-00C20AA9F535}
								{7CF3D491-2298-4305-AA2F-DD953036BF5F} = {796094D0-87A1-406E-8E95-00C20AA9F535}
								{6ED08D71-5F48-4B36-8C6A-90E61C7F47AB} = {796094D0-87A1-406E-8E95-00C20AA9F535}
								{4A709D61-FDF2-4134-A16E-54F635D8F4FC} = {051FE57E-9854-4354-B40F-F87BD84724F4}
								{2A41F172-8021-4497-8D1A-1CABB2011F6C} = {051FE57E-9854-4354-B40F-F87BD84724F4}
								{617C95A0-6C74-4C52-AF2F-C9FFF699EBD9} = {051FE57E-9854-4354-B40F-F87BD84724F4}
								{FB4D011D-54D5-4557-9589-6B8A99D53A39} = {051FE57E-9854-4354-B40F-F87BD84724F4}
								{85721E98-E3B7-434E-B284-B257FA6A1EBA} = {FD7BC966-3D12-4B15-AD6D-06E0019E72EC}
								{C46C7B25-439F-406E-BB1C-4FDB2864913B} = {FD7BC966-3D12-4B15-AD6D-06E0019E72EC}
								{D8412C43-22BD-47D3-8C5E-E699E15F291C} = {FD7BC966-3D12-4B15-AD6D-06E0019E72EC}
								{055CFC29-4AD7-40F8-8498-7B6B6D280E25} = {FD7BC966-3D12-4B15-AD6D-06E0019E72EC}
								{0C3BD46A-4588-407E-A463-266EFF79B82A} = {E3EFAF82-5365-4442-A936-F499E5520F60}
								{F4C9132E-985A-445A-9E2B-776372F58BC8} = {AAF07E4F-4A8F-43F2-A08C-63DAF37DAB55}
				EndGlobalSection
				GlobalSection(ExtensibilityGlobals) = postSolution
								SolutionGuid = {55E52545-E625-4C32-9BE6-B4CBD35C39C6}
				EndGlobalSection
EndGlobal
